
Microsoft Visual Studio Solution File, Format Version 11.00
# Visual Studio 2010
Project("{FAE04EC0-301F-11D3-BF4B-00C04F79EFBC}") = "PlatformJump", "Assembly-CSharp-firstpass.csproj", "{150F279C-7FCD-B269-52BB-38E2B7C1B056}"
EndProject
Project("{FAE04EC0-301F-11D3-BF4B-00C04F79EFBC}") = "PlatformJump", "Assembly-CSharp.csproj", "{9E1706E8-D45D-12F4-AF10-D2B2250C5685}"
EndProject
Project("{FAE04EC0-301F-11D3-BF4B-00C04F79EFBC}") = "PlatformJump", "Assembly-CSharp-Editor-firstpass.csproj", "{745A558D-8B55-CE94-DC55-D23026C8B03A}"
EndProject
Global
	GlobalSection(SolutionConfigurationPlatforms) = preSolution
		Debug|Any CPU = Debug|Any CPU
		Release|Any CPU = Release|Any CPU
	EndGlobalSection
	GlobalSection(ProjectConfigurationPlatforms) = postSolution
		{150F279C-7FCD-B269-52BB-38E2B7C1B056}.Debug|Any CPU.ActiveCfg = Debug|Any CPU
		{150F279C-7FCD-B269-52BB-38E2B7C1B056}.Debug|Any CPU.Build.0 = Debug|Any CPU
		{150F279C-7FCD-B269-52BB-38E2B7C1B056}.Release|Any CPU.ActiveCfg = Release|Any CPU
		{150F279C-7FCD-B269-52BB-38E2B7C1B056}.Release|Any CPU.Build.0 = Release|Any CPU
		{9E1706E8-D45D-12F4-AF10-D2B2250C5685}.Debug|Any CPU.ActiveCfg = Debug|Any CPU
		{9E1706E8-D45D-12F4-AF10-D2B2250C5685}.Debug|Any CPU.Build.0 = Debug|Any CPU
		{9E1706E8-D45D-12F4-AF10-D2B2250C5685}.Release|Any CPU.ActiveCfg = Release|Any CPU
		{9E1706E8-D45D-12F4-AF10-D2B2250C5685}.Release|Any CPU.Build.0 = Release|Any CPU
		{745A558D-8B55-CE94-DC55-D23026C8B03A}.Debug|Any CPU.ActiveCfg = Debug|Any CPU
		{745A558D-8B55-CE94-DC55-D23026C8B03A}.Debug|Any CPU.Build.0 = Debug|Any CPU
		{745A558D-8B55-CE94-DC55-D23026C8B03A}.Release|Any CPU.ActiveCfg = Release|Any CPU
		{745A558D-8B55-CE94-DC55-D23026C8B03A}.Release|Any CPU.Build.0 = Release|Any CPU
	EndGlobalSection
	GlobalSection(SolutionProperties) = preSolution
		HideSolutionNode = FALSE
	EndGlobalSection
	GlobalSection(MonoDevelopProperties) = preSolution
		StartupItem = Assembly-CSharp.csproj
	EndGlobalSection
EndGlobal
